github.com/aymanbagabas/go-udiff v0.4.1 h1:OEIrQ8maEeDBXQDoGCbbTTXYJMYRCRO1fnodZ12Gv5o=
github.com/aymanbagabas/go-udiff v0.4.1/go.mod h1:0L9PGwj20lrtmEMeyw4WKJ/TMyDtvAoK9bf2u/mNo3w=
github.com/charmbracelet/x/exp/golden v0.0.0-20260705004817-2cc9a8fe1146 h1:+Gg3H2AVBIiYRUG/ctd7XjvUVbZ11odkbdkOrImmtbg=
github.com/charmbracelet/x/exp/golden v0.0.0-20260705004817-2cc9a8fe1146/go.mod h1:6fMpcW6iwN/kX+xJ52eqVWsDiBTe0UJD24JLoHFe+P0=
github.com/larsartmann/go-branded-id v0.5.1 h1:4Cyv41AkbtQuf66TuNfWugjqHYA48I3KfxjjM/KwBKk=
github.com/larsartmann/go-branded-id v0.5.1/go.mod h1:ElTJY6HNf3ziPytNA5mpW32bxjfsZ/C8ILn4nPQdbmI=
github.com/larsartmann/go-error-family v0.10.0 h1:xGPT8WzPr9EJ+SHCasLtZ2mJ7drVxmfkyM6kjzHoAWo=
github.com/larsartmann/go-error-family v0.10.0/go.mod h1:c5ZKAqG/2xJmF7ZjShNAenbxHzWqut90ARS0lPuyUaY=
github.com/larsartmann/go-output v0.37.0 h1:VoF2EIReGaR+SdW9Ei2B3FBLziLMKySwFU2V23yK930=
github.com/larsartmann/go-output v0.37.0/go.mod h1:8GIUSrgDfEPN6H6Faz93tatgrliRiMVr+Iu/M9pv9Zg=
github.com/larsartmann/go-output/escape v0.37.0 h1:o6NVGcHCjKnH8q2RNx7zYVFpl8luvsuYgLuXNGOKeDs=
github.com/larsartmann/go-output/escape v0.37.0/go.mod h1:+OyBVtTYhrq9UYitUa2EawsCu3IIXy5EBHK5DXEwuGQ=
github.com/larsartmann/go-output/graph v0.37.0 h1:dbeF/lz+lfPyWtU0YQceWz8BS/uGkwl4CST0efRz8u0=
github.com/larsartmann/go-output/graph v0.37.0/go.mod h1:YMHONOGdc8pmjFS2+Rn1BhEcXA8ZUrJlhmnyLlifgIE=
github.com/larsartmann/go-output/testhelpers v0.37.0 h1:qADbM2zctTstWxxw2Sx3FqXnZPLAISlPqXGKfeIHOJA=
github.com/larsartmann/go-output/testhelpers v0.37.0/go.mod h1:CtP2aiCXEjiH/rh1cO2UJ0H8bW0eoqoqcTpUxqG6O6w=
github.com/larsartmann/go-output/testhelpers/graphtest v0.37.0 h1:nG8o0DeTKVCRgC5O6ct7arzp8h6RZwf98hRhmJrBnMA=
github.com/larsartmann/go-output/testhelpers/graphtest v0.37.0/go.mod h1:6/wyVNbz5sGg02mBqQlWx8TX74X6Pcq6SW2xigOyfkU=
golang.org/x/sys v0.47.0 h1:o7XGOvZQCADBQQ4Y7VNq2dRWQR7JmOUW8Kxx4ZsNgWs=
golang.org/x/sys v0.47.0/go.mod h1:4GL1E5IUh+htKOUEOaiffhrAeqysfVGipDYzABqnCmw=
golang.org/x/term v0.45.0 h1:NwWyBmoJCbfTHpxrWoZ9C6/VxOf7ic219I8xZZFdrf0=
golang.org/x/term v0.45.0/go.mod h1:9aqxs0blBcrm/n0L9QW0aRVD+ktan8ssZromtqJC43w=
