github.com/aymanbagabas/go-udiff v0.4.1 h1:OEIrQ8maEeDBXQDoGCbbTTXYJMYRCRO1fnodZ12Gv5o=
github.com/aymanbagabas/go-udiff v0.4.1/go.mod h1:0L9PGwj20lrtmEMeyw4WKJ/TMyDtvAoK9bf2u/mNo3w=
github.com/charmbracelet/x/exp/golden v0.0.0-20260705004817-2cc9a8fe1146 h1:+Gg3H2AVBIiYRUG/ctd7XjvUVbZ11odkbdkOrImmtbg=
github.com/charmbracelet/x/exp/golden v0.0.0-20260705004817-2cc9a8fe1146/go.mod h1:6fMpcW6iwN/kX+xJ52eqVWsDiBTe0UJD24JLoHFe+P0=
github.com/larsartmann/go-branded-id v0.5.1 h1:4Cyv41AkbtQuf66TuNfWugjqHYA48I3KfxjjM/KwBKk=
github.com/larsartmann/go-branded-id v0.5.1/go.mod h1:ElTJY6HNf3ziPytNA5mpW32bxjfsZ/C8ILn4nPQdbmI=
github.com/larsartmann/go-error-family v0.10.0 h1:xGPT8WzPr9EJ+SHCasLtZ2mJ7drVxmfkyM6kjzHoAWo=
github.com/larsartmann/go-error-family v0.10.0/go.mod h1:c5ZKAqG/2xJmF7ZjShNAenbxHzWqut90ARS0lPuyUaY=
github.com/larsartmann/go-output v0.38.0 h1:Ng8TWCQndPvM3qyNqz2Y5sGdKqiAGsq5CL2xEA0IOxs=
github.com/larsartmann/go-output v0.38.0/go.mod h1:p/0OyNTPUomYEjnWoyX7ZXrJX2cf4jOBwJmFU85vm1w=
github.com/larsartmann/go-output/d2 v0.38.0 h1:2jftwHTiTjWQRliwSc2T/WRUDxwZeWxtXK7o5iRWplo=
github.com/larsartmann/go-output/d2 v0.38.0/go.mod h1:WOq12m9Cxgb1BG30kfjO5T/iekR/Mo22Dhj9Jg6Jb8U=
github.com/larsartmann/go-output/escape v0.38.0 h1:90ronGqyopf3U7YjE+GH1y9qv+J+8omC6Pmes1IiYxQ=
github.com/larsartmann/go-output/escape v0.38.0/go.mod h1:0iTFd6fhBaMPWf0vtY4fIqTC6K/zpkK8yvVA8gYDck0=
github.com/larsartmann/go-output/graph v0.38.0 h1:8O8KcOpHN28ces9l/t+aOt6/SVOPWLnDScBywCO6oXw=
github.com/larsartmann/go-output/graph v0.38.0/go.mod h1:QYVjdf8iIPOOjHFbc0wYI+h+hrfgeZJ8V4mu/xwBK/g=
github.com/larsartmann/go-output/testhelpers v0.37.0 h1:qADbM2zctTstWxxw2Sx3FqXnZPLAISlPqXGKfeIHOJA=
github.com/larsartmann/go-output/testhelpers v0.37.0/go.mod h1:CtP2aiCXEjiH/rh1cO2UJ0H8bW0eoqoqcTpUxqG6O6w=
github.com/larsartmann/go-output/testhelpers/graphtest v0.37.0 h1:nG8o0DeTKVCRgC5O6ct7arzp8h6RZwf98hRhmJrBnMA=
github.com/larsartmann/go-output/testhelpers/graphtest v0.37.0/go.mod h1:6/wyVNbz5sGg02mBqQlWx8TX74X6Pcq6SW2xigOyfkU=
golang.org/x/sys v0.48.0 h1:bbX/i/6MgT9BVLM9RT1thmxL04yeTAhbEz4SyadbXoo=
golang.org/x/sys v0.48.0/go.mod h1:hNLxWAXmnKAxqDtdwIYC4bM9oQPEecfsnNMuSxOs3og=
golang.org/x/term v0.46.0 h1:3+OXuTbaKDgwk8jTi3aSLHRlmWqHEUDUtxnbFigO4YE=
golang.org/x/term v0.46.0/go.mod h1:+K02xbkittuwc0Am4abfA3Fc+XRGXkvBXNO88NCXPoc=
